github.com/PuerkitoBio/goquery v1.8.0 h1:PJTF7AmFCFKk1N6V6jmKfrNH9tV5pNE6lZMkG0gta/U=
github.com/PuerkitoBio/goquery v1.8.0/go.mod h1:ypIiRMtY7COPGk+I/YbZLbxsxn9g5ejnI2HSMtkjZvI=
github.com/andybalholm/cascadia v1.3.1 h1:nhxRkql1kdYCc8Snf7D5/D3spOX+dBgjA6u8x004T2c=
github.com/andybalholm/cascadia v1.3.1/go.mod h1:R4bJ1UQfqADjvDa4P6HZHLh/3OxWWEqc0Sk8XGwHqvA=
github.com/davecgh/go-spew v1.1.0/go.mod h1:J7Y8YcW2NihsgmVo/mv3lAwl/skON4iLHjSsI+c5H38=
github.com/google/go-cmp v0.3.1/go.mod h1:8QqcDgzrUqlUb/G2PQTWiueGozuR1884gddMywk6iLU=
github.com/pkg/errors v0.8.1 h1:iURUrRGxPUNPdy5/HRSm+Yj6okJ6UtLINN0Q9M4+h3I=
github.com/pkg/errors v0.8.1/go.mod h1:bwawxfHBFNV+L2hUp1rHADufV3IMtnDRdf1r5NINEl0=
github.com/pmezard/go-difflib v1.0.0/go.mod h1:iKH77koFhYxTK1pcRnkKkqfTogsbg7gZNVY4sRDYZ/4=
github.com/qopher/ytsgo v0.0.0-20191013044739-41a38e4e8c38 h1:0qd9mb/g4eDPNssdkvgSE1iQDelaK05zfZ8GEdR0NxU=
github.com/qopher/ytsgo v0.0.0-20191013044739-41a38e4e8c38/go.mod h1:zGcOUVRrOSd3TXy4xMCgXOokBrcKcz0HJAdgCf8T7SM=
github.com/ricksancho/rarbg-torrentapi v0.0.0-20180502070042-4dd9a86d046d h1:t3Q9huEcZGNhfN86xKfdrlb76SxQNuNl6C7XG1/a36A=
github.com/ricksancho/rarbg-torrentapi v0.0.0-20180502070042-4dd9a86d046d/go.mod h1:fw1IMvvi8j++6eTdx3WKn8sUMFwjxZrQfOSp2AihNfo=
github.com/stretchr/objx v0.1.0/go.mod h1:HFkY916IF+rwdDfMAkV7OtwuqBVzrE8GR6GFx+wExME=
github.com/stretchr/testify v1.5.1/go.mod h1:5W2xD1RspED5o8YsWQXVCued0rvSQ+mT+I5cxcmMvtA=
github.com/tubbebubbe/transmission v0.0.0-20170711213924-fa5f39e4eddd h1:BwhuUWVjYEXDmVX2ZfLqBvBOKbAGpW2G4vbnG9mdlIg=
github.com/tubbebubbe/transmission v0.0.0-20170711213924-fa5f39e4eddd/go.mod h1:inMV/Ymaxg+6o6NizygDtBD9eqZh+EqZXVC81KeQk5w=
golang.org/x/net v0.0.0-20210916014120-12bc252f5db8/go.mod h1:9nx3DQGgdP8bBQD5qxJ1jj9UTztislL4KSBs9R2vV5Y=
golang.org/x/net v0.0.0-20211112202133-69e39bad7dc2 h1:CIJ76btIcR3eFI5EgSo6k1qKw9KJexJuRLI9G7Hp5wE=
golang.org/x/net v0.0.0-20211112202133-69e39bad7dc2/go.mod h1:9nx3DQGgdP8bBQD5qxJ1jj9UTztislL4KSBs9R2vV5Y=
golang.org/x/sys v0.0.0-20201119102817-f84b799fce68/go.mod h1:h1NjWce9XRLGQEsW7wpKNCjG9DtNlClVuFLEZdDNbEs=
golang.org/x/sys v0.0.0-20210423082822-04245dca01da/go.mod h1:h1NjWce9XRLGQEsW7wpKNCjG9DtNlClVuFLEZdDNbEs=
golang.org/x/term v0.0.0-20201126162022-7de9c90e9dd1/go.mod h1:bj7SfCRtBDWHUb9snDiAeCFNEtKQo2Wmx5Cou7ajbmo=
golang.org/x/text v0.3.6/go.mod h1:5Zoc/QRtKVWzQhOtBMvqHzDpF6irO9z98xDceosuGiQ=
golang.org/x/tools v0.0.0-20180917221912-90fa682c2a6e/go.mod h1:n7NCudcB/nEzxVGmLbDWY5pfWTLqBcC2KZ6jyYvM4mQ=
gopkg.in/bsm/ratelimit.v1 v1.0.0-20160220154919-db14e161995a h1:stTHdEoWg1pQ8riaP5ROrjS6zy6wewH/Q2iwnLCQUXY=
gopkg.in/bsm/ratelimit.v1 v1.0.0-20160220154919-db14e161995a/go.mod h1:KF9sEfUPAXdG8Oev9e99iLGnl2uJMjc5B+4y3O7x610=
gopkg.in/check.v1 v0.0.0-20161208181325-20d25e280405/go.mod h1:Co6ibVJAznAaIkqp8huTwlJQCZ016jof/cbN4VW5Yz0=
gopkg.in/tucnak/telebot.v2 v2.4.1 h1:bUOFHtHhuhPekjHGe1Q1BmITvtBLdQI4yjSMC405KcU=
gopkg.in/tucnak/telebot.v2 v2.4.1/go.mod h1:BgaIIx50PSRS9pG59JH+geT82cfvoJU/IaI5TJdN3v8=
gopkg.in/yaml.v2 v2.2.2/go.mod h1:hI93XBmqTisBFMUTm0b8Fm+jr3Dg1NNxqwp+5A1VGuI=
gopkg.in/yaml.v2 v2.4.0 h1:D8xgwECY7CYvx+Y2n4sBz93Jn9JRvxdiyyo8CTfuKaY=
gopkg.in/yaml.v2 v2.4.0/go.mod h1:RDklbk79AGWmwhnvt/jBztapEOGDOx6ZbXqjP6csGnQ=
